// !$*UTF8*$!
{
	archiveVersion = 1;
	classes = {
	};
	objectVersion = 56;
	objects = {

/* Begin PBXBuildFile section */
		D427E6FE2A5556EA001B2F8E /* Animal.swift in Sources */ = {isa = PBXBuildFile; fileRef = D427E6FD2A5556EA001B2F8E /* Animal.swift */; };
		D45D49CE2A5451D100641A8F /* RoundBoardView.swift in Sources */ = {isa = PBXBuildFile; fileRef = D45D49CD2A5451D100641A8F /* RoundBoardView.swift */; };
		D45D49D02A54549B00641A8F /* PlayerboardView.swift in Sources */ = {isa = PBXBuildFile; fileRef = D45D49CF2A54549B00641A8F /* PlayerboardView.swift */; };
		D45D49D52A54727C00641A8F /* LuckyCard.swift in Sources */ = {isa = PBXBuildFile; fileRef = D45D49D42A54727C00641A8F /* LuckyCard.swift */; };
		D45D49D72A54F7ED00641A8F /* Deck.swift in Sources */ = {isa = PBXBuildFile; fileRef = D45D49D62A54F7ED00641A8F /* Deck.swift */; };
		D4988B072A53E1D7001456FF /* AppDelegate.swift in Sources */ = {isa = PBXBuildFile; fileRef = D4988B062A53E1D7001456FF /* AppDelegate.swift */; };
		D4988B092A53E1D7001456FF /* SceneDelegate.swift in Sources */ = {isa = PBXBuildFile; fileRef = D4988B082A53E1D7001456FF /* SceneDelegate.swift */; };
		D4988B0B2A53E1D7001456FF /* ViewController.swift in Sources */ = {isa = PBXBuildFile; fileRef = D4988B0A2A53E1D7001456FF /* ViewController.swift */; };
		D4988B0E2A53E1D7001456FF /* Main.storyboard in Resources */ = {isa = PBXBuildFile; fileRef = D4988B0C2A53E1D7001456FF /* Main.storyboard */; };
		D4988B102A53E1D8001456FF /* Assets.xcassets in Resources */ = {isa = PBXBuildFile; fileRef = D4988B0F2A53E1D8001456FF /* Assets.xcassets */; };
		D4988B132A53E1D8001456FF /* LaunchScreen.storyboard in Resources */ = {isa = PBXBuildFile; fileRef = D4988B112A53E1D8001456FF /* LaunchScreen.storyboard */; };
		D4988B1E2A53E1D8001456FF /* LuckyCardGameTests.swift in Sources */ = {isa = PBXBuildFile; fileRef = D4988B1D2A53E1D8001456FF /* LuckyCardGameTests.swift */; };
		D4988B282A53E1D8001456FF /* LuckyCardGameUITests.swift in Sources */ = {isa = PBXBuildFile; fileRef = D4988B272A53E1D8001456FF /* LuckyCardGameUITests.swift */; };
		D4988B2A2A53E1D8001456FF /* LuckyCardGameUITestsLaunchTests.swift in Sources */ = {isa = PBXBuildFile; fileRef = D4988B292A53E1D8001456FF /* LuckyCardGameUITestsLaunchTests.swift */; };
		D4A6FA7D2A56B28B00637995 /* CardNumber.swift in Sources */ = {isa = PBXBuildFile; fileRef = D4A6FA7C2A56B28B00637995 /* CardNumber.swift */; };
		D4A6FA832A56B85C00637995 /* Tester.swift in Sources */ = {isa = PBXBuildFile; fileRef = D4A6FA822A56B85C00637995 /* Tester.swift */; };
		D4A6FA852A56B93400637995 /* Attendee.swift in Sources */ = {isa = PBXBuildFile; fileRef = D4A6FA842A56B93400637995 /* Attendee.swift */; };
		D4A6FA872A56B95600637995 /* CardDealer.swift in Sources */ = {isa = PBXBuildFile; fileRef = D4A6FA862A56B95600637995 /* CardDealer.swift */; };
		D4A6FA8A2A56F2CF00637995 /* ConstantValue.swift in Sources */ = {isa = PBXBuildFile; fileRef = D4A6FA892A56F2CF00637995 /* ConstantValue.swift */; };
		D4A6FA8F2A56F7C400637995 /* SegmentedControlView.swift in Sources */ = {isa = PBXBuildFile; fileRef = D4A6FA8E2A56F7C400637995 /* SegmentedControlView.swift */; };
		D4A6FA912A571BAD00637995 /* GameView.swift in Sources */ = {isa = PBXBuildFile; fileRef = D4A6FA902A571BAD00637995 /* GameView.swift */; };
		D4A6FA932A571EDD00637995 /* LuckyCardGame.swift in Sources */ = {isa = PBXBuildFile; fileRef = D4A6FA922A571EDD00637995 /* LuckyCardGame.swift */; };
/* End PBXBuildFile section */

/* Begin PBXContainerItemProxy section */
		D4988B1A2A53E1D8001456FF /* PBXContainerItemProxy */ = {
			isa = PBXContainerItemProxy;
			containerPortal = D4988AFB2A53E1D7001456FF /* Project object */;
			proxyType = 1;
			remoteGlobalIDString = D4988B022A53E1D7001456FF;
			remoteInfo = LuckyCardGame;
		};
		D4988B242A53E1D8001456FF /* PBXContainerItemProxy */ = {
			isa = PBXContainerItemProxy;
			containerPortal = D4988AFB2A53E1D7001456FF /* Project object */;
			proxyType = 1;
			remoteGlobalIDString = D4988B022A53E1D7001456FF;
			remoteInfo = LuckyCardGame;
		};
/* End PBXContainerItemProxy section */

/* Begin PBXFileReference section */
		D427E6FD2A5556EA001B2F8E /* Animal.swift */ = {isa = PBXFileReference; lastKnownFileType = sourcecode.swift; path = Animal.swift; sourceTree = "<group>"; };
		D45D49CD2A5451D100641A8F /* RoundBoardView.swift */ = {isa = PBXFileReference; lastKnownFileType = sourcecode.swift; path = RoundBoardView.swift; sourceTree = "<group>"; };
		D45D49CF2A54549B00641A8F /* PlayerboardView.swift */ = {isa = PBXFileReference; lastKnownFileType = sourcecode.swift; path = PlayerboardView.swift; sourceTree = "<group>"; };
		D45D49D42A54727C00641A8F /* LuckyCard.swift */ = {isa = PBXFileReference; lastKnownFileType = sourcecode.swift; path = LuckyCard.swift; sourceTree = "<group>"; };
		D45D49D62A54F7ED00641A8F /* Deck.swift */ = {isa = PBXFileReference; lastKnownFileType = sourcecode.swift; path = Deck.swift; sourceTree = "<group>"; };
		D4988B032A53E1D7001456FF /* LuckyCardGame.app */ = {isa = PBXFileReference; explicitFileType = wrapper.application; includeInIndex = 0; path = LuckyCardGame.app; sourceTree = BUILT_PRODUCTS_DIR; };
		D4988B062A53E1D7001456FF /* AppDelegate.swift */ = {isa = PBXFileReference; lastKnownFileType = sourcecode.swift; path = AppDelegate.swift; sourceTree = "<group>"; };
		D4988B082A53E1D7001456FF /* SceneDelegate.swift */ = {isa = PBXFileReference; lastKnownFileType = sourcecode.swift; path = SceneDelegate.swift; sourceTree = "<group>"; };
		D4988B0A2A53E1D7001456FF /* ViewController.swift */ = {isa = PBXFileReference; lastKnownFileType = sourcecode.swift; path = ViewController.swift; sourceTree = "<group>"; };
		D4988B0D2A53E1D7001456FF /* Base */ = {isa = PBXFileReference; lastKnownFileType = file.storyboard; name = Base; path = Base.lproj/Main.storyboard; sourceTree = "<group>"; };
		D4988B0F2A53E1D8001456FF /* Assets.xcassets */ = {isa = PBXFileReference; lastKnownFileType = folder.assetcatalog; path = Assets.xcassets; sourceTree = "<group>"; };
		D4988B122A53E1D8001456FF /* Base */ = {isa = PBXFileReference; lastKnownFileType = file.storyboard; name = Base; path = Base.lproj/LaunchScreen.storyboard; sourceTree = "<group>"; };
		D4988B142A53E1D8001456FF /* Info.plist */ = {isa = PBXFileReference; lastKnownFileType = text.plist.xml; path = Info.plist; sourceTree = "<group>"; };
		D4988B192A53E1D8001456FF /* LuckyCardGameTests.xctest */ = {isa = PBXFileReference; explicitFileType = wrapper.cfbundle; includeInIndex = 0; path = LuckyCardGameTests.xctest; sourceTree = BUILT_PRODUCTS_DIR; };
		D4988B1D2A53E1D8001456FF /* LuckyCardGameTests.swift */ = {isa = PBXFileReference; lastKnownFileType = sourcecode.swift; path = LuckyCardGameTests.swift; sourceTree = "<group>"; };
		D4988B232A53E1D8001456FF /* LuckyCardGameUITests.xctest */ = {isa = PBXFileReference; explicitFileType = wrapper.cfbundle; includeInIndex = 0; path = LuckyCardGameUITests.xctest; sourceTree = BUILT_PRODUCTS_DIR; };
		D4988B272A53E1D8001456FF /* LuckyCardGameUITests.swift */ = {isa = PBXFileReference; lastKnownFileType = sourcecode.swift; path = LuckyCardGameUITests.swift; sourceTree = "<group>"; };
		D4988B292A53E1D8001456FF /* LuckyCardGameUITestsLaunchTests.swift */ = {isa = PBXFileReference; lastKnownFileType = sourcecode.swift; path = LuckyCardGameUITestsLaunchTests.swift; sourceTree = "<group>"; };
		D4A6FA7C2A56B28B00637995 /* CardNumber.swift */ = {isa = PBXFileReference; lastKnownFileType = sourcecode.swift; path = CardNumber.swift; sourceTree = "<group>"; };
		D4A6FA822A56B85C00637995 /* Tester.swift */ = {isa = PBXFileReference; lastKnownFileType = sourcecode.swift; path = Tester.swift; sourceTree = "<group>"; };
		D4A6FA842A56B93400637995 /* Attendee.swift */ = {isa = PBXFileReference; lastKnownFileType = sourcecode.swift; path = Attendee.swift; sourceTree = "<group>"; };
		D4A6FA862A56B95600637995 /* CardDealer.swift */ = {isa = PBXFileReference; lastKnownFileType = sourcecode.swift; path = CardDealer.swift; sourceTree = "<group>"; };
		D4A6FA892A56F2CF00637995 /* ConstantValue.swift */ = {isa = PBXFileReference; lastKnownFileType = sourcecode.swift; path = ConstantValue.swift; sourceTree = "<group>"; };
		D4A6FA8E2A56F7C400637995 /* SegmentedControlView.swift */ = {isa = PBXFileReference; lastKnownFileType = sourcecode.swift; path = SegmentedControlView.swift; sourceTree = "<group>"; };
		D4A6FA902A571BAD00637995 /* GameView.swift */ = {isa = PBXFileReference; lastKnownFileType = sourcecode.swift; path = GameView.swift; sourceTree = "<group>"; };
		D4A6FA922A571EDD00637995 /* LuckyCardGame.swift */ = {isa = PBXFileReference; lastKnownFileType = sourcecode.swift; path = LuckyCardGame.swift; sourceTree = "<group>"; };
/* End PBXFileReference section */

/* Begin PBXFrameworksBuildPhase section */
		D4988B002A53E1D7001456FF /* Frameworks */ = {
			isa = PBXFrameworksBuildPhase;
			buildActionMask = 2147483647;
			files = (
			);
			runOnlyForDeploymentPostprocessing = 0;
		};
		D4988B162A53E1D8001456FF /* Frameworks */ = {
			isa = PBXFrameworksBuildPhase;
			buildActionMask = 2147483647;
			files = (
			);
			runOnlyForDeploymentPostprocessing = 0;
		};
		D4988B202A53E1D8001456FF /* Frameworks */ = {
			isa = PBXFrameworksBuildPhase;
			buildActionMask = 2147483647;
			files = (
			);
			runOnlyForDeploymentPostprocessing = 0;
		};
/* End PBXFrameworksBuildPhase section */

/* Begin PBXGroup section */
		D45D49CA2A54513A00641A8F /* View */ = {
			isa = PBXGroup;
			children = (
				D4A6FA8E2A56F7C400637995 /* SegmentedControlView.swift */,
				D45D49CD2A5451D100641A8F /* RoundBoardView.swift */,
				D45D49CF2A54549B00641A8F /* PlayerboardView.swift */,
				D4A6FA902A571BAD00637995 /* GameView.swift */,
			);
			path = View;
			sourceTree = "<group>";
		};
		D45D49D12A5466BA00641A8F /* Model */ = {
			isa = PBXGroup;
			children = (
				D45D49D42A54727C00641A8F /* LuckyCard.swift */,
				D45D49D62A54F7ED00641A8F /* Deck.swift */,
				D427E6FD2A5556EA001B2F8E /* Animal.swift */,
				D4A6FA7C2A56B28B00637995 /* CardNumber.swift */,
				D4A6FA822A56B85C00637995 /* Tester.swift */,
				D4A6FA842A56B93400637995 /* Attendee.swift */,
				D4A6FA862A56B95600637995 /* CardDealer.swift */,
				D4A6FA922A571EDD00637995 /* LuckyCardGame.swift */,
			);
			path = Model;
			sourceTree = "<group>";
		};
		D4988AFA2A53E1D7001456FF = {
			isa = PBXGroup;
			children = (
				D4988B052A53E1D7001456FF /* LuckyCardGame */,
				D4988B1C2A53E1D8001456FF /* LuckyCardGameTests */,
				D4988B262A53E1D8001456FF /* LuckyCardGameUITests */,
				D4988B042A53E1D7001456FF /* Products */,
			);
			sourceTree = "<group>";
		};
		D4988B042A53E1D7001456FF /* Products */ = {
			isa = PBXGroup;
			children = (
				D4988B032A53E1D7001456FF /* LuckyCardGame.app */,
				D4988B192A53E1D8001456FF /* LuckyCardGameTests.xctest */,
				D4988B232A53E1D8001456FF /* LuckyCardGameUITests.xctest */,
			);
			name = Products;
			sourceTree = "<group>";
		};
		D4988B052A53E1D7001456FF /* LuckyCardGame */ = {
			isa = PBXGroup;
			children = (
				D4A6FA882A56F2B700637995 /* Constant */,
				D45D49D12A5466BA00641A8F /* Model */,
				D45D49CA2A54513A00641A8F /* View */,
				D4988B062A53E1D7001456FF /* AppDelegate.swift */,
				D4988B082A53E1D7001456FF /* SceneDelegate.swift */,
				D4988B0A2A53E1D7001456FF /* ViewController.swift */,
				D4988B0C2A53E1D7001456FF /* Main.storyboard */,
				D4988B0F2A53E1D8001456FF /* Assets.xcassets */,
				D4988B112A53E1D8001456FF /* LaunchScreen.storyboard */,
				D4988B142A53E1D8001456FF /* Info.plist */,
			);
			path = LuckyCardGame;
			sourceTree = "<group>";
		};
		D4988B1C2A53E1D8001456FF /* LuckyCardGameTests */ = {
			isa = PBXGroup;
			children = (
				D4988B1D2A53E1D8001456FF /* LuckyCardGameTests.swift */,
			);
			path = LuckyCardGameTests;
			sourceTree = "<group>";
		};
		D4988B262A53E1D8001456FF /* LuckyCardGameUITests */ = {
			isa = PBXGroup;
			children = (
				D4988B272A53E1D8001456FF /* LuckyCardGameUITests.swift */,
				D4988B292A53E1D8001456FF /* LuckyCardGameUITestsLaunchTests.swift */,
			);
			path = LuckyCardGameUITests;
			sourceTree = "<group>";
		};
		D4A6FA882A56F2B700637995 /* Constant */ = {
			isa = PBXGroup;
			children = (
				D4A6FA892A56F2CF00637995 /* ConstantValue.swift */,
			);
			path = Constant;
			sourceTree = "<group>";
		};
/* End PBXGroup section */

/* Begin PBXNativeTarget section */
		D4988B022A53E1D7001456FF /* LuckyCardGame */ = {
			isa = PBXNativeTarget;
			buildConfigurationList = D4988B2D2A53E1D8001456FF /* Build configuration list for PBXNativeTarget "LuckyCardGame" */;
			buildPhases = (
				D4988AFF2A53E1D7001456FF /* Sources */,
				D4988B002A53E1D7001456FF /* Frameworks */,
				D4988B012A53E1D7001456FF /* Resources */,
			);
			buildRules = (
			);
			dependencies = (
			);
			name = LuckyCardGame;
			productName = LuckyCardGame;
			productReference = D4988B032A53E1D7001456FF /* LuckyCardGame.app */;
			productType = "com.apple.product-type.application";
		};
		D4988B182A53E1D8001456FF /* LuckyCardGameTests */ = {
			isa = PBXNativeTarget;
			buildConfigurationList = D4988B302A53E1D8001456FF /* Build configuration list for PBXNativeTarget "LuckyCardGameTests" */;
			buildPhases = (
				D4988B152A53E1D8001456FF /* Sources */,
				D4988B162A53E1D8001456FF /* Frameworks */,
				D4988B172A53E1D8001456FF /* Resources */,
			);
			buildRules = (
			);
			dependencies = (
				D4988B1B2A53E1D8001456FF /* PBXTargetDependency */,
			);
			name = LuckyCardGameTests;
			productName = LuckyCardGameTests;
			productReference = D4988B192A53E1D8001456FF /* LuckyCardGameTests.xctest */;
			productType = "com.apple.product-type.bundle.unit-test";
		};
		D4988B222A53E1D8001456FF /* LuckyCardGameUITests */ = {
			isa = PBXNativeTarget;
			buildConfigurationList = D4988B332A53E1D8001456FF /* Build configuration list for PBXNativeTarget "LuckyCardGameUITests" */;
			buildPhases = (
				D4988B1F2A53E1D8001456FF /* Sources */,
				D4988B202A53E1D8001456FF /* Frameworks */,
				D4988B212A53E1D8001456FF /* Resources */,
			);
			buildRules = (
			);
			dependencies = (
				D4988B252A53E1D8001456FF /* PBXTargetDependency */,
			);
			name = LuckyCardGameUITests;
			productName = LuckyCardGameUITests;
			productReference = D4988B232A53E1D8001456FF /* LuckyCardGameUITests.xctest */;
			productType = "com.apple.product-type.bundle.ui-testing";
		};
/* End PBXNativeTarget section */

/* Begin PBXProject section */
		D4988AFB2A53E1D7001456FF /* Project object */ = {
			isa = PBXProject;
			attributes = {
				BuildIndependentTargetsInParallel = 1;
				LastSwiftUpdateCheck = 1430;
				LastUpgradeCheck = 1430;
				TargetAttributes = {
					D4988B022A53E1D7001456FF = {
						CreatedOnToolsVersion = 14.3.1;
					};
					D4988B182A53E1D8001456FF = {
						CreatedOnToolsVersion = 14.3.1;
						TestTargetID = D4988B022A53E1D7001456FF;
					};
					D4988B222A53E1D8001456FF = {
						CreatedOnToolsVersion = 14.3.1;
						TestTargetID = D4988B022A53E1D7001456FF;
					};
				};
			};
			buildConfigurationList = D4988AFE2A53E1D7001456FF /* Build configuration list for PBXProject "LuckyCardGame" */;
			compatibilityVersion = "Xcode 14.0";
			developmentRegion = en;
			hasScannedForEncodings = 0;
			knownRegions = (
				en,
				Base,
			);
			mainGroup = D4988AFA2A53E1D7001456FF;
			productRefGroup = D4988B042A53E1D7001456FF /* Products */;
			projectDirPath = "";
			projectRoot = "";
			targets = (
				D4988B022A53E1D7001456FF /* LuckyCardGame */,
				D4988B182A53E1D8001456FF /* LuckyCardGameTests */,
				D4988B222A53E1D8001456FF /* LuckyCardGameUITests */,
			);
		};
/* End PBXProject section */

/* Begin PBXResourcesBuildPhase section */
		D4988B012A53E1D7001456FF /* Resources */ = {
			isa = PBXResourcesBuildPhase;
			buildActionMask = 2147483647;
			files = (
				D4988B132A53E1D8001456FF /* LaunchScreen.storyboard in Resources */,
				D4988B102A53E1D8001456FF /* Assets.xcassets in Resources */,
				D4988B0E2A53E1D7001456FF /* Main.storyboard in Resources */,
			);
			runOnlyForDeploymentPostprocessing = 0;
		};
		D4988B172A53E1D8001456FF /* Resources */ = {
			isa = PBXResourcesBuildPhase;
			buildActionMask = 2147483647;
			files = (
			);
			runOnlyForDeploymentPostprocessing = 0;
		};
		D4988B212A53E1D8001456FF /* Resources */ = {
			isa = PBXResourcesBuildPhase;
			buildActionMask = 2147483647;
			files = (
			);
			runOnlyForDeploymentPostprocessing = 0;
		};
/* End PBXResourcesBuildPhase section */

/* Begin PBXSourcesBuildPhase section */
		D4988AFF2A53E1D7001456FF /* Sources */ = {
			isa = PBXSourcesBuildPhase;
			buildActionMask = 2147483647;
			files = (
				D45D49D72A54F7ED00641A8F /* Deck.swift in Sources */,
				D427E6FE2A5556EA001B2F8E /* Animal.swift in Sources */,
				D4A6FA872A56B95600637995 /* CardDealer.swift in Sources */,
				D4988B0B2A53E1D7001456FF /* ViewController.swift in Sources */,
				D4A6FA912A571BAD00637995 /* GameView.swift in Sources */,
				D4A6FA8A2A56F2CF00637995 /* ConstantValue.swift in Sources */,
				D4A6FA7D2A56B28B00637995 /* CardNumber.swift in Sources */,
				D45D49D52A54727C00641A8F /* LuckyCard.swift in Sources */,
				D4A6FA852A56B93400637995 /* Attendee.swift in Sources */,
				D4988B072A53E1D7001456FF /* AppDelegate.swift in Sources */,
				D4A6FA932A571EDD00637995 /* LuckyCardGame.swift in Sources */,
				D4A6FA8F2A56F7C400637995 /* SegmentedControlView.swift in Sources */,
				D4A6FA832A56B85C00637995 /* Tester.swift in Sources */,
				D45D49CE2A5451D100641A8F /* RoundBoardView.swift in Sources */,
				D4988B092A53E1D7001456FF /* SceneDelegate.swift in Sources */,
				D45D49D02A54549B00641A8F /* PlayerboardView.swift in Sources */,
			);
			runOnlyForDeploymentPostprocessing = 0;
		};
		D4988B152A53E1D8001456FF /* Sources */ = {
			isa = PBXSourcesBuildPhase;
			buildActionMask = 2147483647;
			files = (
				D4988B1E2A53E1D8001456FF /* LuckyCardGameTests.swift in Sources */,
			);
			runOnlyForDeploymentPostprocessing = 0;
		};
		D4988B1F2A53E1D8001456FF /* Sources */ = {
			isa = PBXSourcesBuildPhase;
			buildActionMask = 2147483647;
			files = (
				D4988B282A53E1D8001456FF /* LuckyCardGameUITests.swift in Sources */,
				D4988B2A2A53E1D8001456FF /* LuckyCardGameUITestsLaunchTests.swift in Sources */,
			);
			runOnlyForDeploymentPostprocessing = 0;
		};
/* End PBXSourcesBuildPhase section */

/* Begin PBXTargetDependency section */
		D4988B1B2A53E1D8001456FF /* PBXTargetDependency */ = {
			isa = PBXTargetDependency;
			target = D4988B022A53E1D7001456FF /* LuckyCardGame */;
			targetProxy = D4988B1A2A53E1D8001456FF /* PBXContainerItemProxy */;
		};
		D4988B252A53E1D8001456FF /* PBXTargetDependency */ = {
			isa = PBXTargetDependency;
			target = D4988B022A53E1D7001456FF /* LuckyCardGame */;
			targetProxy = D4988B242A53E1D8001456FF /* PBXContainerItemProxy */;
		};
/* End PBXTargetDependency section */

/* Begin PBXVariantGroup section */
		D4988B0C2A53E1D7001456FF /* Main.storyboard */ = {
			isa = PBXVariantGroup;
			children = (
				D4988B0D2A53E1D7001456FF /* Base */,
			);
			name = Main.storyboard;
			sourceTree = "<group>";
		};
		D4988B112A53E1D8001456FF /* LaunchScreen.storyboard */ = {
			isa = PBXVariantGroup;
			children = (
				D4988B122A53E1D8001456FF /* Base */,
			);
			name = LaunchScreen.storyboard;
			sourceTree = "<group>";
		};
/* End PBXVariantGroup section */

/* Begin XCBuildConfiguration section */
		D4988B2B2A53E1D8001456FF /* Debug */ = {
			isa = XCBuildConfiguration;
			buildSettings = {
				ALWAYS_SEARCH_USER_PATHS = NO;
				CLANG_ANALYZER_NONNULL = YES;
				CLANG_ANALYZER_NUMBER_OBJECT_CONVERSION = YES_AGGRESSIVE;
				CLANG_CXX_LANGUAGE_STANDARD = "gnu++20";
				CLANG_ENABLE_MODULES = YES;
				CLANG_ENABLE_OBJC_ARC = YES;
				CLANG_ENABLE_OBJC_WEAK = YES;
				CLANG_WARN_BLOCK_CAPTURE_AUTORELEASING = YES;
				CLANG_WARN_BOOL_CONVERSION = YES;
				CLANG_WARN_COMMA = YES;
				CLANG_WARN_CONSTANT_CONVERSION = YES;
				CLANG_WARN_DEPRECATED_OBJC_IMPLEMENTATIONS = YES;
				CLANG_WARN_DIRECT_OBJC_ISA_USAGE = YES_ERROR;
				CLANG_WARN_DOCUMENTATION_COMMENTS = YES;
				CLANG_WARN_EMPTY_BODY = YES;
				CLANG_WARN_ENUM_CONVERSION = YES;
				CLANG_WARN_INFINITE_RECURSION = YES;
				CLANG_WARN_INT_CONVERSION = YES;
				CLANG_WARN_NON_LITERAL_NULL_CONVERSION = YES;
				CLANG_WARN_OBJC_IMPLICIT_RETAIN_SELF = YES;
				CLANG_WARN_OBJC_LITERAL_CONVERSION = YES;
				CLANG_WARN_OBJC_ROOT_CLASS = YES_ERROR;
				CLANG_WARN_QUOTED_INCLUDE_IN_FRAMEWORK_HEADER = YES;
				CLANG_WARN_RANGE_LOOP_ANALYSIS = YES;
				CLANG_WARN_STRICT_PROTOTYPES = YES;
				CLANG_WARN_SUSPICIOUS_MOVE = YES;
				CLANG_WARN_UNGUARDED_AVAILABILITY = YES_AGGRESSIVE;
				CLANG_WARN_UNREACHABLE_CODE = YES;
				CLANG_WARN__DUPLICATE_METHOD_MATCH = YES;
				COPY_PHASE_STRIP = NO;
				DEBUG_INFORMATION_FORMAT = dwarf;
				ENABLE_STRICT_OBJC_MSGSEND = YES;
				ENABLE_TESTABILITY = YES;
				GCC_C_LANGUAGE_STANDARD = gnu11;
				GCC_DYNAMIC_NO_PIC = NO;
				GCC_NO_COMMON_BLOCKS = YES;
				GCC_OPTIMIZATION_LEVEL = 0;
				GCC_PREPROCESSOR_DEFINITIONS = (
					"DEBUG=1",
					"$(inherited)",
				);
				GCC_WARN_64_TO_32_BIT_CONVERSION = YES;
				GCC_WARN_ABOUT_RETURN_TYPE = YES_ERROR;
				GCC_WARN_UNDECLARED_SELECTOR = YES;
				GCC_WARN_UNINITIALIZED_AUTOS = YES_AGGRESSIVE;
				GCC_WARN_UNUSED_FUNCTION = YES;
				GCC_WARN_UNUSED_VARIABLE = YES;
				IPHONEOS_DEPLOYMENT_TARGET = 16.4;
				MTL_ENABLE_DEBUG_INFO = INCLUDE_SOURCE;
				MTL_FAST_MATH = YES;
				ONLY_ACTIVE_ARCH = YES;
				SDKROOT = iphoneos;
				SWIFT_ACTIVE_COMPILATION_CONDITIONS = DEBUG;
				SWIFT_OPTIMIZATION_LEVEL = "-Onone";
			};
			name = Debug;
		};
		D4988B2C2A53E1D8001456FF /* Release */ = {
			isa = XCBuildConfiguration;
			buildSettings = {
				ALWAYS_SEARCH_USER_PATHS = NO;
				CLANG_ANALYZER_NONNULL = YES;
				CLANG_ANALYZER_NUMBER_OBJECT_CONVERSION = YES_AGGRESSIVE;
				CLANG_CXX_LANGUAGE_STANDARD = "gnu++20";
				CLANG_ENABLE_MODULES = YES;
				CLANG_ENABLE_OBJC_ARC = YES;
				CLANG_ENABLE_OBJC_WEAK = YES;
				CLANG_WARN_BLOCK_CAPTURE_AUTORELEASING = YES;
				CLANG_WARN_BOOL_CONVERSION = YES;
				CLANG_WARN_COMMA = YES;
				CLANG_WARN_CONSTANT_CONVERSION = YES;
				CLANG_WARN_DEPRECATED_OBJC_IMPLEMENTATIONS = YES;
				CLANG_WARN_DIRECT_OBJC_ISA_USAGE = YES_ERROR;
				CLANG_WARN_DOCUMENTATION_COMMENTS = YES;
				CLANG_WARN_EMPTY_BODY = YES;
				CLANG_WARN_ENUM_CONVERSION = YES;
				CLANG_WARN_INFINITE_RECURSION = YES;
				CLANG_WARN_INT_CONVERSION = YES;
				CLANG_WARN_NON_LITERAL_NULL_CONVERSION = YES;
				CLANG_WARN_OBJC_IMPLICIT_RETAIN_SELF = YES;
				CLANG_WARN_OBJC_LITERAL_CONVERSION = YES;
				CLANG_WARN_OBJC_ROOT_CLASS = YES_ERROR;
				CLANG_WARN_QUOTED_INCLUDE_IN_FRAMEWORK_HEADER = YES;
				CLANG_WARN_RANGE_LOOP_ANALYSIS = YES;
				CLANG_WARN_STRICT_PROTOTYPES = YES;
				CLANG_WARN_SUSPICIOUS_MOVE = YES;
				CLANG_WARN_UNGUARDED_AVAILABILITY = YES_AGGRESSIVE;
				CLANG_WARN_UNREACHABLE_CODE = YES;
				CLANG_WARN__DUPLICATE_METHOD_MATCH = YES;
				COPY_PHASE_STRIP = NO;
				DEBUG_INFORMATION_FORMAT = "dwarf-with-dsym";
				ENABLE_NS_ASSERTIONS = NO;
				ENABLE_STRICT_OBJC_MSGSEND = YES;
				GCC_C_LANGUAGE_STANDARD = gnu11;
				GCC_NO_COMMON_BLOCKS = YES;
				GCC_WARN_64_TO_32_BIT_CONVERSION = YES;
				GCC_WARN_ABOUT_RETURN_TYPE = YES_ERROR;
				GCC_WARN_UNDECLARED_SELECTOR = YES;
				GCC_WARN_UNINITIALIZED_AUTOS = YES_AGGRESSIVE;
				GCC_WARN_UNUSED_FUNCTION = YES;
				GCC_WARN_UNUSED_VARIABLE = YES;
				IPHONEOS_DEPLOYMENT_TARGET = 16.4;
				MTL_ENABLE_DEBUG_INFO = NO;
				MTL_FAST_MATH = YES;
				SDKROOT = iphoneos;
				SWIFT_COMPILATION_MODE = wholemodule;
				SWIFT_OPTIMIZATION_LEVEL = "-O";
				VALIDATE_PRODUCT = YES;
			};
			name = Release;
		};
		D4988B2E2A53E1D8001456FF /* Debug */ = {
			isa = XCBuildConfiguration;
			buildSettings = {
				ASSETCATALOG_COMPILER_APPICON_NAME = AppIcon;
				ASSETCATALOG_COMPILER_GLOBAL_ACCENT_COLOR_NAME = AccentColor;
				CODE_SIGN_STYLE = Automatic;
				CURRENT_PROJECT_VERSION = 1;
				DEVELOPMENT_TEAM = CGUAL476T6;
				GENERATE_INFOPLIST_FILE = YES;
				INFOPLIST_FILE = LuckyCardGame/Info.plist;
				"INFOPLIST_KEY_CFBundleDisplayName[sdk=*]" = "럭키카드";
				INFOPLIST_KEY_UIApplicationSupportsIndirectInputEvents = YES;
				INFOPLIST_KEY_UILaunchStoryboardName = LaunchScreen;
				INFOPLIST_KEY_UIMainStoryboardFile = Main;
				INFOPLIST_KEY_UISupportedInterfaceOrientations_iPad = "UIInterfaceOrientationPortrait UIInterfaceOrientationPortraitUpsideDown UIInterfaceOrientationLandscapeLeft UIInterfaceOrientationLandscapeRight";
				INFOPLIST_KEY_UISupportedInterfaceOrientations_iPhone = "UIInterfaceOrientationPortrait UIInterfaceOrientationLandscapeLeft UIInterfaceOrientationLandscapeRight";
				LD_RUNPATH_SEARCH_PATHS = (
					"$(inherited)",
					"@executable_path/Frameworks",
				);
				MARKETING_VERSION = 1.0;
				PRODUCT_BUNDLE_IDENTIFIER = com.EunnoAn.LuckyCardGame;
				PRODUCT_NAME = "$(TARGET_NAME)";
				SWIFT_EMIT_LOC_STRINGS = YES;
				SWIFT_VERSION = 5.0;
				TARGETED_DEVICE_FAMILY = "1,2";
			};
			name = Debug;
		};
		D4988B2F2A53E1D8001456FF /* Release */ = {
			isa = XCBuildConfiguration;
			buildSettings = {
				ASSETCATALOG_COMPILER_APPICON_NAME = AppIcon;
				ASSETCATALOG_COMPILER_GLOBAL_ACCENT_COLOR_NAME = AccentColor;
				CODE_SIGN_STYLE = Automatic;
				CURRENT_PROJECT_VERSION = 1;
				DEVELOPMENT_TEAM = CGUAL476T6;
				GENERATE_INFOPLIST_FILE = YES;
				INFOPLIST_FILE = LuckyCardGame/Info.plist;
				INFOPLIST_KEY_UIApplicationSupportsIndirectInputEvents = YES;
				INFOPLIST_KEY_UILaunchStoryboardName = LaunchScreen;
				INFOPLIST_KEY_UIMainStoryboardFile = Main;
				INFOPLIST_KEY_UISupportedInterfaceOrientations_iPad = "UIInterfaceOrientationPortrait UIInterfaceOrientationPortraitUpsideDown UIInterfaceOrientationLandscapeLeft UIInterfaceOrientationLandscapeRight";
				INFOPLIST_KEY_UISupportedInterfaceOrientations_iPhone = "UIInterfaceOrientationPortrait UIInterfaceOrientationLandscapeLeft UIInterfaceOrientationLandscapeRight";
				LD_RUNPATH_SEARCH_PATHS = (
					"$(inherited)",
					"@executable_path/Frameworks",
				);
				MARKETING_VERSION = 1.0;
				PRODUCT_BUNDLE_IDENTIFIER = com.EunnoAn.LuckyCardGame;
				PRODUCT_NAME = "$(TARGET_NAME)";
				SWIFT_EMIT_LOC_STRINGS = YES;
				SWIFT_VERSION = 5.0;
				TARGETED_DEVICE_FAMILY = "1,2";
			};
			name = Release;
		};
		D4988B312A53E1D8001456FF /* Debug */ = {
			isa = XCBuildConfiguration;
			buildSettings = {
				ALWAYS_EMBED_SWIFT_STANDARD_LIBRARIES = YES;
				BUNDLE_LOADER = "$(TEST_HOST)";
				CODE_SIGN_STYLE = Automatic;
				CURRENT_PROJECT_VERSION = 1;
				DEVELOPMENT_TEAM = CGUAL476T6;
				GENERATE_INFOPLIST_FILE = YES;
				IPHONEOS_DEPLOYMENT_TARGET = 16.4;
				MARKETING_VERSION = 1.0;
				PRODUCT_BUNDLE_IDENTIFIER = com.EunnoAn.LuckyCardGameTests;
				PRODUCT_NAME = "$(TARGET_NAME)";
				SWIFT_EMIT_LOC_STRINGS = NO;
				SWIFT_VERSION = 5.0;
				TARGETED_DEVICE_FAMILY = "1,2";
				TEST_HOST = "$(BUILT_PRODUCTS_DIR)/LuckyCardGame.app/$(BUNDLE_EXECUTABLE_FOLDER_PATH)/LuckyCardGame";
			};
			name = Debug;
		};
		D4988B322A53E1D8001456FF /* Release */ = {
			isa = XCBuildConfiguration;
			buildSettings = {
				ALWAYS_EMBED_SWIFT_STANDARD_LIBRARIES = YES;
				BUNDLE_LOADER = "$(TEST_HOST)";
				CODE_SIGN_STYLE = Automatic;
				CURRENT_PROJECT_VERSION = 1;
				DEVELOPMENT_TEAM = CGUAL476T6;
				GENERATE_INFOPLIST_FILE = YES;
				IPHONEOS_DEPLOYMENT_TARGET = 16.4;
				MARKETING_VERSION = 1.0;
				PRODUCT_BUNDLE_IDENTIFIER = com.EunnoAn.LuckyCardGameTests;
				PRODUCT_NAME = "$(TARGET_NAME)";
				SWIFT_EMIT_LOC_STRINGS = NO;
				SWIFT_VERSION = 5.0;
				TARGETED_DEVICE_FAMILY = "1,2";
				TEST_HOST = "$(BUILT_PRODUCTS_DIR)/LuckyCardGame.app/$(BUNDLE_EXECUTABLE_FOLDER_PATH)/LuckyCardGame";
			};
			name = Release;
		};
		D4988B342A53E1D8001456FF /* Debug */ = {
			isa = XCBuildConfiguration;
			buildSettings = {
				ALWAYS_EMBED_SWIFT_STANDARD_LIBRARIES = YES;
				CODE_SIGN_STYLE = Automatic;
				CURRENT_PROJECT_VERSION = 1;
				DEVELOPMENT_TEAM = CGUAL476T6;
				GENERATE_INFOPLIST_FILE = YES;
				MARKETING_VERSION = 1.0;
				PRODUCT_BUNDLE_IDENTIFIER = com.EunnoAn.LuckyCardGameUITests;
				PRODUCT_NAME = "$(TARGET_NAME)";
				SWIFT_EMIT_LOC_STRINGS = NO;
				SWIFT_VERSION = 5.0;
				TARGETED_DEVICE_FAMILY = "1,2";
				TEST_TARGET_NAME = LuckyCardGame;
			};
			name = Debug;
		};
		D4988B352A53E1D8001456FF /* Release */ = {
			isa = XCBuildConfiguration;
			buildSettings = {
				ALWAYS_EMBED_SWIFT_STANDARD_LIBRARIES = YES;
				CODE_SIGN_STYLE = Automatic;
				CURRENT_PROJECT_VERSION = 1;
				DEVELOPMENT_TEAM = CGUAL476T6;
				GENERATE_INFOPLIST_FILE = YES;
				MARKETING_VERSION = 1.0;
				PRODUCT_BUNDLE_IDENTIFIER = com.EunnoAn.LuckyCardGameUITests;
				PRODUCT_NAME = "$(TARGET_NAME)";
				SWIFT_EMIT_LOC_STRINGS = NO;
				SWIFT_VERSION = 5.0;
				TARGETED_DEVICE_FAMILY = "1,2";
				TEST_TARGET_NAME = LuckyCardGame;
			};
			name = Release;
		};
/* End XCBuildConfiguration section */

/* Begin XCConfigurationList section */
		D4988AFE2A53E1D7001456FF /* Build configuration list for PBXProject "LuckyCardGame" */ = {
			isa = XCConfigurationList;
			buildConfigurations = (
				D4988B2B2A53E1D8001456FF /* Debug */,
				D4988B2C2A53E1D8001456FF /* Release */,
			);
			defaultConfigurationIsVisible = 0;
			defaultConfigurationName = Release;
		};
		D4988B2D2A53E1D8001456FF /* Build configuration list for PBXNativeTarget "LuckyCardGame" */ = {
			isa = XCConfigurationList;
			buildConfigurations = (
				D4988B2E2A53E1D8001456FF /* Debug */,
				D4988B2F2A53E1D8001456FF /* Release */,
			);
			defaultConfigurationIsVisible = 0;
			defaultConfigurationName = Release;
		};
		D4988B302A53E1D8001456FF /* Build configuration list for PBXNativeTarget "LuckyCardGameTests" */ = {
			isa = XCConfigurationList;
			buildConfigurations = (
				D4988B312A53E1D8001456FF /* Debug */,
				D4988B322A53E1D8001456FF /* Release */,
			);
			defaultConfigurationIsVisible = 0;
			defaultConfigurationName = Release;
		};
		D4988B332A53E1D8001456FF /* Build configuration list for PBXNativeTarget "LuckyCardGameUITests" */ = {
			isa = XCConfigurationList;
			buildConfigurations = (
				D4988B342A53E1D8001456FF /* Debug */,
				D4988B352A53E1D8001456FF /* Release */,
			);
			defaultConfigurationIsVisible = 0;
			defaultConfigurationName = Release;
		};
/* End XCConfigurationList section */
	};
	rootObject = D4988AFB2A53E1D7001456FF /* Project object */;
}
